{
  "name": "simple-thread-challenge",
  "version": "1.0.0",
  "lockfileVersion": 1,
  "requires": true,
  "dependencies": {
    "luxon": {
      "version": "1.4.3",
      "resolved": "https://registry.npmjs.org/luxon/-/luxon-1.4.3.tgz",
      "integrity": "sha512-hujVJ+Q2RnaIiHKAupwusgpHXYICxzXJNoPkqkGIfmP+lLZWFTD6gEP+URRs/vh5gI1KwfMimVrzM9309RE0tA=="
    }
  }
}
